
Microsoft Visual Studio Solution File, Format Version 12.00
# Visual Studio Version 16
VisualStudioVersion = 16.0.29021.104
MinimumVisualStudioVersion = 10.0.40219.1
Project("{9A19103F-16F7-4668-BE54-9A1E7A4F7556}") = "TimeTracker", "src\TimeTracker\TimeTracker.csproj", "{04359E48-0A84-4EB0-A22E-096A99805E14}"
EndProject
Project("{9A19103F-16F7-4668-BE54-9A1E7A4F7556}") = "TimeTracker.Tests", "src\TimeTracker.Tests\TimeTracker.Tests.csproj", "{B251C003-F9D1-48BF-96B3-3AC94674B11B}"
EndProject
Project("{9A19103F-16F7-4668-BE54-9A1E7A4F7556}") = "TimeTracker.Client", "src\TimeTracker.Client\TimeTracker.Client.csproj", "{C490BC55-7E4C-421B-9A2E-A0EA8E04B8B1}"
EndProject
Global
	GlobalSection(SolutionConfigurationPlatforms) = preSolution
		Debug|Any CPU = Debug|Any CPU
		Release|Any CPU = Release|Any CPU
	EndGlobalSection
	GlobalSection(ProjectConfigurationPlatforms) = postSolution
		{04359E48-0A84-4EB0-A22E-096A99805E14}.Debug|Any CPU.ActiveCfg = Debug|Any CPU
		{04359E48-0A84-4EB0-A22E-096A99805E14}.Debug|Any CPU.Build.0 = Debug|Any CPU
		{04359E48-0A84-4EB0-A22E-096A99805E14}.Release|Any CPU.ActiveCfg = Release|Any CPU
		{04359E48-0A84-4EB0-A22E-096A99805E14}.Release|Any CPU.Build.0 = Release|Any CPU
		{B251C003-F9D1-48BF-96B3-3AC94674B11B}.Debug|Any CPU.ActiveCfg = Debug|Any CPU
		{B251C003-F9D1-48BF-96B3-3AC94674B11B}.Debug|Any CPU.Build.0 = Debug|Any CPU
		{B251C003-F9D1-48BF-96B3-3AC94674B11B}.Release|Any CPU.ActiveCfg = Release|Any CPU
		{B251C003-F9D1-48BF-96B3-3AC94674B11B}.Release|Any CPU.Build.0 = Release|Any CPU
		{C490BC55-7E4C-421B-9A2E-A0EA8E04B8B1}.Debug|Any CPU.ActiveCfg = Debug|Any CPU
		{C490BC55-7E4C-421B-9A2E-A0EA8E04B8B1}.Debug|Any CPU.Build.0 = Debug|Any CPU
		{C490BC55-7E4C-421B-9A2E-A0EA8E04B8B1}.Release|Any CPU.ActiveCfg = Release|Any CPU
		{C490BC55-7E4C-421B-9A2E-A0EA8E04B8B1}.Release|Any CPU.Build.0 = Release|Any CPU
	EndGlobalSection
	GlobalSection(SolutionProperties) = preSolution
		HideSolutionNode = FALSE
	EndGlobalSection
	GlobalSection(ExtensibilityGlobals) = postSolution
		SolutionGuid = {5FDE340E-F59E-406A-BCF1-82B117C8ED89}
	EndGlobalSection
EndGlobal
